
Microsoft Visual Studio Solution File, Format Version 12.00
# Visual Studio Version 16
VisualStudioVersion = 16.0.31205.134
MinimumVisualStudioVersion = 10.0.40219.1
Project("{FAE04EC0-301F-11D3-BF4B-00C04F79EFBC}") = "Kino", "Kino.csproj", "{32144E0C-9A69-45E9-BBBB-4EA93D1C2AB2}"
EndProject
Global
	GlobalSection(SolutionConfigurationPlatforms) = preSolution
		Debug|Any CPU = Debug|Any CPU
		Release|Any CPU = Release|Any CPU
	EndGlobalSection
	GlobalSection(ProjectConfigurationPlatforms) = postSolution
		{32144E0C-9A69-45E9-BBBB-4EA93D1C2AB2}.Debug|Any CPU.ActiveCfg = Debug|Any CPU
		{32144E0C-9A69-45E9-BBBB-4EA93D1C2AB2}.Debug|Any CPU.Build.0 = Debug|Any CPU
		{32144E0C-9A69-45E9-BBBB-4EA93D1C2AB2}.Release|Any CPU.ActiveCfg = Release|Any CPU
		{32144E0C-9A69-45E9-BBBB-4EA93D1C2AB2}.Release|Any CPU.Build.0 = Release|Any CPU
	EndGlobalSection
	GlobalSection(SolutionProperties) = preSolution
		HideSolutionNode = FALSE
	EndGlobalSection
	GlobalSection(ExtensibilityGlobals) = postSolution
		SolutionGuid = {AE436F67-A33C-4AFE-A9DC-D2FEA3162B0E}
	EndGlobalSection
EndGlobal
